
Microsoft Visual Studio Solution File, Format Version 12.00
# Visual Studio Version 17
VisualStudioVersion = 17.9.34723.18
MinimumVisualStudioVersion = 10.0.40219.1
Project("{8BC9CEB8-8B4A-11D0-8D11-00A0C91BC942}") = "SW교육 4월 1일", "SW교육 4월 1일\SW교육 4월 1일.vcxproj", "{67A920A9-AF8D-49E4-A926-62F885682A4E}"
EndProject
Global
	GlobalSection(SolutionConfigurationPlatforms) = preSolution
		Debug|x64 = Debug|x64
		Debug|x86 = Debug|x86
		Release|x64 = Release|x64
		Release|x86 = Release|x86
	EndGlobalSection
	GlobalSection(ProjectConfigurationPlatforms) = postSolution
		{67A920A9-AF8D-49E4-A926-62F885682A4E}.Debug|x64.ActiveCfg = Debug|x64
		{67A920A9-AF8D-49E4-A926-62F885682A4E}.Debug|x64.Build.0 = Debug|x64
		{67A920A9-AF8D-49E4-A926-62F885682A4E}.Debug|x86.ActiveCfg = Debug|Win32
		{67A920A9-AF8D-49E4-A926-62F885682A4E}.Debug|x86.Build.0 = Debug|Win32
		{67A920A9-AF8D-49E4-A926-62F885682A4E}.Release|x64.ActiveCfg = Release|x64
		{67A920A9-AF8D-49E4-A926-62F885682A4E}.Release|x64.Build.0 = Release|x64
		{67A920A9-AF8D-49E4-A926-62F885682A4E}.Release|x86.ActiveCfg = Release|Win32
		{67A920A9-AF8D-49E4-A926-62F885682A4E}.Release|x86.Build.0 = Release|Win32
	EndGlobalSection
	GlobalSection(SolutionProperties) = preSolution
		HideSolutionNode = FALSE
	EndGlobalSection
	GlobalSection(ExtensibilityGlobals) = postSolution
		SolutionGuid = {1BE0C4B5-2AC6-442D-82B2-891E47DC258F}
	EndGlobalSection
EndGlobal
